// !$*UTF8*$!
{
	archiveVersion = 1;
	classes = {
	};
	objectVersion = 77;
	objects = {

/* Begin PBXBuildFile section */
		001D118E94232E03EA4FA78E /* whirring.mp3 in Resources */ = {isa = PBXBuildFile; fileRef = 340F1258C9EBC4FDC420F35E /* whirring.mp3 */; };
		0C238F55405BC680EE61D9B5 /* okie-dokie-1.mp3 in Resources */ = {isa = PBXBuildFile; fileRef = AB76C93BF65A3A3790BF5E79 /* okie-dokie-1.mp3 */; };
		11ECD14D94E73C16B8AFB358 /* Assets.xcassets in Resources */ = {isa = PBXBuildFile; fileRef = 9F59896E3CA39059CAF7A755 /* Assets.xcassets */; };
		1B732D9C97759F7CC13F423C /* working.mov in Resources */ = {isa = PBXBuildFile; fileRef = 661B767E1B7E58E2C6C66AD7 /* working.mov */; };
		2B70BBEBE2E9F538A57FC8F3 /* meditating.mov in Resources */ = {isa = PBXBuildFile; fileRef = 3C6E3D4683B6640F6AA7721E /* meditating.mov */; };
		356C270FDA5DC39744B5F9E3 /* thinking.mov in Resources */ = {isa = PBXBuildFile; fileRef = E823C4B2891EEECBD22E6004 /* thinking.mov */; };
		366E9288C2AE823EDC077BE8 /* all-done.mp3 in Resources */ = {isa = PBXBuildFile; fileRef = 2EE4EAC50C9DF9E840B7B22E /* all-done.mp3 */; };
		43986ABE0AF9CD6D85CF6748 /* MenuBarManager.swift in Sources */ = {isa = PBXBuildFile; fileRef = 2238B359D656C39D45C440F7 /* MenuBarManager.swift */; };
		4CBEB684C9ACA8004BF34E27 /* CharacterView.swift in Sources */ = {isa = PBXBuildFile; fileRef = 7963046ED4926B2A79BC9EE3 /* CharacterView.swift */; };
		577EAB65AAE1ED507BD2AC57 /* hmm-ok-1.mp3 in Resources */ = {isa = PBXBuildFile; fileRef = 555CB7087FB63007241E0939 /* hmm-ok-1.mp3 */; };
		5C8C4A973F3EBBC0F9DBBDEA /* CompanionPanel.swift in Sources */ = {isa = PBXBuildFile; fileRef = 93129410BDC6B3593B7344EE /* CompanionPanel.swift */; };
		5CDA99BFD4DC561B017595C9 /* VideoPlayerView.swift in Sources */ = {isa = PBXBuildFile; fileRef = BC1A172AE0EFEA87328EAE42 /* VideoPlayerView.swift */; };
		615034C0B36AF2401F34687A /* ok.wav in Resources */ = {isa = PBXBuildFile; fileRef = B798209633C17DF880556525 /* ok.wav */; };
		666BD5805E2B8E28E731C9C6 /* idle.json in Resources */ = {isa = PBXBuildFile; fileRef = 9567E18B987DC58C142E5CC5 /* idle.json */; };
		6A7CE116699D68EAF235897C /* hmmm.mp3 in Resources */ = {isa = PBXBuildFile; fileRef = 40224BD7034C96B3B28A75C0 /* hmmm.mp3 */; };
		6C742AF2FC38BAE9B843F523 /* hmm-whatever.mp3 in Resources */ = {isa = PBXBuildFile; fileRef = D86C2AF967F8A332A088107A /* hmm-whatever.mp3 */; };
		6E049EA8941A714927679BB9 /* HookStateMonitor.swift in Sources */ = {isa = PBXBuildFile; fileRef = F47413E0500DBA950D117E2D /* HookStateMonitor.swift */; };
		70127F5CD9644F13CFF427EA /* CompanionState.swift in Sources */ = {isa = PBXBuildFile; fileRef = 9D65A411B20D363164720261 /* CompanionState.swift */; };
		70731C467C391A1A741FD807 /* AppDelegate.swift in Sources */ = {isa = PBXBuildFile; fileRef = 44E16776C91CF29589C224D4 /* AppDelegate.swift */; };
		71AEFC597592C207608B97C3 /* idle.mov in Resources */ = {isa = PBXBuildFile; fileRef = 99AA9B7557F0998E28AEE858 /* idle.mov */; };
		86FB5740F3073C03A4BA2D48 /* hmm-ok-2.mp3 in Resources */ = {isa = PBXBuildFile; fileRef = 1EAF84B6FA6BFA3B8A069494 /* hmm-ok-2.mp3 */; };
		8A6661C771D23F5943650CC4 /* dancing.mov in Resources */ = {isa = PBXBuildFile; fileRef = CBFC33EF0FB62268DF7F2A82 /* dancing.mov */; };
		8F60249E1B4FE545EE0C8EB5 /* okie-dokie-2.mp3 in Resources */ = {isa = PBXBuildFile; fileRef = C7C04632EAE557C080EA9B04 /* okie-dokie-2.mp3 */; };
		969164851AF240C9E3E35C22 /* finished.mp3 in Resources */ = {isa = PBXBuildFile; fileRef = 8DC4EB5C3EB084C2FB70C3DC /* finished.mp3 */; };
		9E9897ACE7AF3FC2B8165238 /* SoundManager.swift in Sources */ = {isa = PBXBuildFile; fileRef = B86F697814E036E1C51D1B46 /* SoundManager.swift */; };
		A0B3BE104710D1FB7DD9BFB9 /* giggle.mp3 in Resources */ = {isa = PBXBuildFile; fileRef = B242FE3404E0AC55138C26D9 /* giggle.mp3 */; };
		A52B36D75BFCE76410CF1D4D /* CompanionStateManager.swift in Sources */ = {isa = PBXBuildFile; fileRef = F9277B0AEF9C8AA5F5B889E1 /* CompanionStateManager.swift */; };
		A8C0897450B1330A8A8FD573 /* ClaudeCompanionApp.swift in Sources */ = {isa = PBXBuildFile; fileRef = DFB73E20EE43899F853C0165 /* ClaudeCompanionApp.swift */; };
		AAD96EDE18373BD2BCA7FD2E /* there-you-go.mp3 in Resources */ = {isa = PBXBuildFile; fileRef = C4EBAFA2E53E637998AE9E97 /* there-you-go.mp3 */; };
		B2BCCD5F854F9ED809D9A4E1 /* working.json in Resources */ = {isa = PBXBuildFile; fileRef = F499EDC8525F4D22AC0CD32D /* working.json */; };
		C3E89DDD6D4C4E0CB714E4C0 /* DraggableHostingView.swift in Sources */ = {isa = PBXBuildFile; fileRef = C3798F818F999C236479F1B9 /* DraggableHostingView.swift */; };
		D8317EAA2F7332AE09CA607E /* ClaudeService.swift in Sources */ = {isa = PBXBuildFile; fileRef = 7D21D479CC2237FD748CBAB7 /* ClaudeService.swift */; };
		E12F5775E47A0709844302CE /* SpeechBubbleView.swift in Sources */ = {isa = PBXBuildFile; fileRef = 60203852333F4BC46EB80337 /* SpeechBubbleView.swift */; };
		E6D77F7842F7C88F48A65A38 /* spin.mov in Resources */ = {isa = PBXBuildFile; fileRef = C3E5F32BD15700AFDF0571C4 /* spin.mov */; };
		EFC08DA17B344ED079E606CC /* done.json in Resources */ = {isa = PBXBuildFile; fileRef = 2510B1142D7C6111887F1F85 /* done.json */; };
		FFD637E5EEAF5EAD6E53B00A /* LoginItemManager.swift in Sources */ = {isa = PBXBuildFile; fileRef = AD1BE7365B032AD3C7AC2938 /* LoginItemManager.swift */; };
/* End PBXBuildFile section */

/* Begin PBXFileReference section */
		1EAF84B6FA6BFA3B8A069494 /* hmm-ok-2.mp3 */ = {isa = PBXFileReference; lastKnownFileType = audio.mp3; path = "hmm-ok-2.mp3"; sourceTree = "<group>"; };
		2238B359D656C39D45C440F7 /* MenuBarManager.swift */ = {isa = PBXFileReference; lastKnownFileType = sourcecode.swift; path = MenuBarManager.swift; sourceTree = "<group>"; };
		2510B1142D7C6111887F1F85 /* done.json */ = {isa = PBXFileReference; lastKnownFileType = text.json; path = done.json; sourceTree = "<group>"; };
		2EE4EAC50C9DF9E840B7B22E /* all-done.mp3 */ = {isa = PBXFileReference; lastKnownFileType = audio.mp3; path = "all-done.mp3"; sourceTree = "<group>"; };
		340F1258C9EBC4FDC420F35E /* whirring.mp3 */ = {isa = PBXFileReference; lastKnownFileType = audio.mp3; path = whirring.mp3; sourceTree = "<group>"; };
		3C6E3D4683B6640F6AA7721E /* meditating.mov */ = {isa = PBXFileReference; lastKnownFileType = video.quicktime; path = meditating.mov; sourceTree = "<group>"; };
		40224BD7034C96B3B28A75C0 /* hmmm.mp3 */ = {isa = PBXFileReference; lastKnownFileType = audio.mp3; path = hmmm.mp3; sourceTree = "<group>"; };
		44E16776C91CF29589C224D4 /* AppDelegate.swift */ = {isa = PBXFileReference; lastKnownFileType = sourcecode.swift; path = AppDelegate.swift; sourceTree = "<group>"; };
		461FF2C95F82E033ABEF1389 /* Info.plist */ = {isa = PBXFileReference; lastKnownFileType = text.plist; path = Info.plist; sourceTree = "<group>"; };
		555CB7087FB63007241E0939 /* hmm-ok-1.mp3 */ = {isa = PBXFileReference; lastKnownFileType = audio.mp3; path = "hmm-ok-1.mp3"; sourceTree = "<group>"; };
		60203852333F4BC46EB80337 /* SpeechBubbleView.swift */ = {isa = PBXFileReference; lastKnownFileType = sourcecode.swift; path = SpeechBubbleView.swift; sourceTree = "<group>"; };
		661B767E1B7E58E2C6C66AD7 /* working.mov */ = {isa = PBXFileReference; lastKnownFileType = video.quicktime; path = working.mov; sourceTree = "<group>"; };
		7963046ED4926B2A79BC9EE3 /* CharacterView.swift */ = {isa = PBXFileReference; lastKnownFileType = sourcecode.swift; path = CharacterView.swift; sourceTree = "<group>"; };
		7D21D479CC2237FD748CBAB7 /* ClaudeService.swift */ = {isa = PBXFileReference; lastKnownFileType = sourcecode.swift; path = ClaudeService.swift; sourceTree = "<group>"; };
		8DC4EB5C3EB084C2FB70C3DC /* finished.mp3 */ = {isa = PBXFileReference; lastKnownFileType = audio.mp3; path = finished.mp3; sourceTree = "<group>"; };
		93129410BDC6B3593B7344EE /* CompanionPanel.swift */ = {isa = PBXFileReference; lastKnownFileType = sourcecode.swift; path = CompanionPanel.swift; sourceTree = "<group>"; };
		9567E18B987DC58C142E5CC5 /* idle.json */ = {isa = PBXFileReference; lastKnownFileType = text.json; path = idle.json; sourceTree = "<group>"; };
		99AA9B7557F0998E28AEE858 /* idle.mov */ = {isa = PBXFileReference; lastKnownFileType = video.quicktime; path = idle.mov; sourceTree = "<group>"; };
		9D65A411B20D363164720261 /* CompanionState.swift */ = {isa = PBXFileReference; lastKnownFileType = sourcecode.swift; path = CompanionState.swift; sourceTree = "<group>"; };
		9F59896E3CA39059CAF7A755 /* Assets.xcassets */ = {isa = PBXFileReference; lastKnownFileType = folder.assetcatalog; path = Assets.xcassets; sourceTree = "<group>"; };
		AB76C93BF65A3A3790BF5E79 /* okie-dokie-1.mp3 */ = {isa = PBXFileReference; lastKnownFileType = audio.mp3; path = "okie-dokie-1.mp3"; sourceTree = "<group>"; };
		AD1BE7365B032AD3C7AC2938 /* LoginItemManager.swift */ = {isa = PBXFileReference; lastKnownFileType = sourcecode.swift; path = LoginItemManager.swift; sourceTree = "<group>"; };
		B0E5B9B07B2295C59E62949C /* ClaudeCompanion.entitlements */ = {isa = PBXFileReference; lastKnownFileType = text.plist.entitlements; path = ClaudeCompanion.entitlements; sourceTree = "<group>"; };
		B242FE3404E0AC55138C26D9 /* giggle.mp3 */ = {isa = PBXFileReference; lastKnownFileType = audio.mp3; path = giggle.mp3; sourceTree = "<group>"; };
		B798209633C17DF880556525 /* ok.wav */ = {isa = PBXFileReference; lastKnownFileType = audio.wav; path = ok.wav; sourceTree = "<group>"; };
		B86F697814E036E1C51D1B46 /* SoundManager.swift */ = {isa = PBXFileReference; lastKnownFileType = sourcecode.swift; path = SoundManager.swift; sourceTree = "<group>"; };
		BC1A172AE0EFEA87328EAE42 /* VideoPlayerView.swift */ = {isa = PBXFileReference; lastKnownFileType = sourcecode.swift; path = VideoPlayerView.swift; sourceTree = "<group>"; };
		C3798F818F999C236479F1B9 /* DraggableHostingView.swift */ = {isa = PBXFileReference; lastKnownFileType = sourcecode.swift; path = DraggableHostingView.swift; sourceTree = "<group>"; };
		C3E5F32BD15700AFDF0571C4 /* spin.mov */ = {isa = PBXFileReference; lastKnownFileType = video.quicktime; path = spin.mov; sourceTree = "<group>"; };
		C4EBAFA2E53E637998AE9E97 /* there-you-go.mp3 */ = {isa = PBXFileReference; lastKnownFileType = audio.mp3; path = "there-you-go.mp3"; sourceTree = "<group>"; };
		C7566AC2544D15CDAF978A77 /* ClaudeCompanion.app */ = {isa = PBXFileReference; explicitFileType = wrapper.application; includeInIndex = 0; path = ClaudeCompanion.app; sourceTree = BUILT_PRODUCTS_DIR; };
		C7C04632EAE557C080EA9B04 /* okie-dokie-2.mp3 */ = {isa = PBXFileReference; lastKnownFileType = audio.mp3; path = "okie-dokie-2.mp3"; sourceTree = "<group>"; };
		CBFC33EF0FB62268DF7F2A82 /* dancing.mov */ = {isa = PBXFileReference; lastKnownFileType = video.quicktime; path = dancing.mov; sourceTree = "<group>"; };
		D86C2AF967F8A332A088107A /* hmm-whatever.mp3 */ = {isa = PBXFileReference; lastKnownFileType = audio.mp3; path = "hmm-whatever.mp3"; sourceTree = "<group>"; };
		DFB73E20EE43899F853C0165 /* ClaudeCompanionApp.swift */ = {isa = PBXFileReference; lastKnownFileType = sourcecode.swift; path = ClaudeCompanionApp.swift; sourceTree = "<group>"; };
		E823C4B2891EEECBD22E6004 /* thinking.mov */ = {isa = PBXFileReference; lastKnownFileType = video.quicktime; path = thinking.mov; sourceTree = "<group>"; };
		F47413E0500DBA950D117E2D /* HookStateMonitor.swift */ = {isa = PBXFileReference; lastKnownFileType = sourcecode.swift; path = HookStateMonitor.swift; sourceTree = "<group>"; };
		F499EDC8525F4D22AC0CD32D /* working.json */ = {isa = PBXFileReference; lastKnownFileType = text.json; path = working.json; sourceTree = "<group>"; };
		F9277B0AEF9C8AA5F5B889E1 /* CompanionStateManager.swift */ = {isa = PBXFileReference; lastKnownFileType = sourcecode.swift; path = CompanionStateManager.swift; sourceTree = "<group>"; };
/* End PBXFileReference section */

/* Begin PBXGroup section */
		09EF9F8B073444234399CE21 /* MenuBar */ = {
			isa = PBXGroup;
			children = (
				2238B359D656C39D45C440F7 /* MenuBarManager.swift */,
			);
			path = MenuBar;
			sourceTree = "<group>";
		};
		297263E28DAE292A72027674 /* ClaudeCompanion */ = {
			isa = PBXGroup;
			children = (
				CE7CC4B285189C0E590B6A37 /* App */,
				BECBBE395F39F5D71A15365C /* Character */,
				09EF9F8B073444234399CE21 /* MenuBar */,
				3A9991C4B3452F960D1ABEBE /* Monitoring */,
				A2F54913F6449EDB89A82716 /* Resources */,
				9814474696EF61251951C8F1 /* State */,
				DA64987FDE871FF6C13202D8 /* Window */,
			);
			path = ClaudeCompanion;
			sourceTree = "<group>";
		};
		3A9991C4B3452F960D1ABEBE /* Monitoring */ = {
			isa = PBXGroup;
			children = (
				F47413E0500DBA950D117E2D /* HookStateMonitor.swift */,
			);
			path = Monitoring;
			sourceTree = "<group>";
		};
		9814474696EF61251951C8F1 /* State */ = {
			isa = PBXGroup;
			children = (
				9D65A411B20D363164720261 /* CompanionState.swift */,
				F9277B0AEF9C8AA5F5B889E1 /* CompanionStateManager.swift */,
			);
			path = State;
			sourceTree = "<group>";
		};
		A2F54913F6449EDB89A82716 /* Resources */ = {
			isa = PBXGroup;
			children = (
				2EE4EAC50C9DF9E840B7B22E /* all-done.mp3 */,
				9F59896E3CA39059CAF7A755 /* Assets.xcassets */,
				B0E5B9B07B2295C59E62949C /* ClaudeCompanion.entitlements */,
				8DC4EB5C3EB084C2FB70C3DC /* finished.mp3 */,
				B242FE3404E0AC55138C26D9 /* giggle.mp3 */,
				555CB7087FB63007241E0939 /* hmm-ok-1.mp3 */,
				1EAF84B6FA6BFA3B8A069494 /* hmm-ok-2.mp3 */,
				D86C2AF967F8A332A088107A /* hmm-whatever.mp3 */,
				40224BD7034C96B3B28A75C0 /* hmmm.mp3 */,
				461FF2C95F82E033ABEF1389 /* Info.plist */,
				B798209633C17DF880556525 /* ok.wav */,
				AB76C93BF65A3A3790BF5E79 /* okie-dokie-1.mp3 */,
				C7C04632EAE557C080EA9B04 /* okie-dokie-2.mp3 */,
				C4EBAFA2E53E637998AE9E97 /* there-you-go.mp3 */,
				340F1258C9EBC4FDC420F35E /* whirring.mp3 */,
				D264D31DFD8D0BE03BD03873 /* Animations */,
			);
			path = Resources;
			sourceTree = "<group>";
		};
		BECBBE395F39F5D71A15365C /* Character */ = {
			isa = PBXGroup;
			children = (
				7963046ED4926B2A79BC9EE3 /* CharacterView.swift */,
				60203852333F4BC46EB80337 /* SpeechBubbleView.swift */,
				BC1A172AE0EFEA87328EAE42 /* VideoPlayerView.swift */,
			);
			path = Character;
			sourceTree = "<group>";
		};
		C8ACAB04B2A18F5A270D5BDE /* Products */ = {
			isa = PBXGroup;
			children = (
				C7566AC2544D15CDAF978A77 /* ClaudeCompanion.app */,
			);
			name = Products;
			sourceTree = "<group>";
		};
		CE7CC4B285189C0E590B6A37 /* App */ = {
			isa = PBXGroup;
			children = (
				44E16776C91CF29589C224D4 /* AppDelegate.swift */,
				DFB73E20EE43899F853C0165 /* ClaudeCompanionApp.swift */,
				7D21D479CC2237FD748CBAB7 /* ClaudeService.swift */,
				AD1BE7365B032AD3C7AC2938 /* LoginItemManager.swift */,
				B86F697814E036E1C51D1B46 /* SoundManager.swift */,
			);
			path = App;
			sourceTree = "<group>";
		};
		D264D31DFD8D0BE03BD03873 /* Animations */ = {
			isa = PBXGroup;
			children = (
				CBFC33EF0FB62268DF7F2A82 /* dancing.mov */,
				2510B1142D7C6111887F1F85 /* done.json */,
				9567E18B987DC58C142E5CC5 /* idle.json */,
				99AA9B7557F0998E28AEE858 /* idle.mov */,
				3C6E3D4683B6640F6AA7721E /* meditating.mov */,
				C3E5F32BD15700AFDF0571C4 /* spin.mov */,
				E823C4B2891EEECBD22E6004 /* thinking.mov */,
				F499EDC8525F4D22AC0CD32D /* working.json */,
				661B767E1B7E58E2C6C66AD7 /* working.mov */,
			);
			path = Animations;
			sourceTree = "<group>";
		};
		DA64987FDE871FF6C13202D8 /* Window */ = {
			isa = PBXGroup;
			children = (
				93129410BDC6B3593B7344EE /* CompanionPanel.swift */,
				C3798F818F999C236479F1B9 /* DraggableHostingView.swift */,
			);
			path = Window;
			sourceTree = "<group>";
		};
		EC352742605110B85DECB17B = {
			isa = PBXGroup;
			children = (
				297263E28DAE292A72027674 /* ClaudeCompanion */,
				C8ACAB04B2A18F5A270D5BDE /* Products */,
			);
			sourceTree = "<group>";
		};
/* End PBXGroup section */

/* Begin PBXNativeTarget section */
		44B4B48F3F51A91E9B65F6BB /* ClaudeCompanion */ = {
			isa = PBXNativeTarget;
			buildConfigurationList = C165742061695632CC74AA61 /* Build configuration list for PBXNativeTarget "ClaudeCompanion" */;
			buildPhases = (
				5AB6F8243C91C2D8869D90A6 /* Sources */,
				6EF5E0FD81B2B6BAF21C3C07 /* Resources */,
			);
			buildRules = (
			);
			dependencies = (
			);
			name = ClaudeCompanion;
			packageProductDependencies = (
			);
			productName = ClaudeCompanion;
			productReference = C7566AC2544D15CDAF978A77 /* ClaudeCompanion.app */;
			productType = "com.apple.product-type.application";
		};
/* End PBXNativeTarget section */

/* Begin PBXProject section */
		693424B40BE61400A3E7DEAE /* Project object */ = {
			isa = PBXProject;
			attributes = {
				BuildIndependentTargetsInParallel = YES;
				LastUpgradeCheck = 1430;
				TargetAttributes = {
				};
			};
			buildConfigurationList = B96B4EB5531E67FEB8E9D90B /* Build configuration list for PBXProject "ClaudeCompanion" */;
			developmentRegion = en;
			hasScannedForEncodings = 0;
			knownRegions = (
				Base,
				en,
			);
			mainGroup = EC352742605110B85DECB17B;
			minimizedProjectReferenceProxies = 1;
			preferredProjectObjectVersion = 77;
			productRefGroup = C8ACAB04B2A18F5A270D5BDE /* Products */;
			projectDirPath = "";
			projectRoot = "";
			targets = (
				44B4B48F3F51A91E9B65F6BB /* ClaudeCompanion */,
			);
		};
/* End PBXProject section */

/* Begin PBXResourcesBuildPhase section */
		6EF5E0FD81B2B6BAF21C3C07 /* Resources */ = {
			isa = PBXResourcesBuildPhase;
			buildActionMask = 2147483647;
			files = (
				11ECD14D94E73C16B8AFB358 /* Assets.xcassets in Resources */,
				366E9288C2AE823EDC077BE8 /* all-done.mp3 in Resources */,
				8A6661C771D23F5943650CC4 /* dancing.mov in Resources */,
				EFC08DA17B344ED079E606CC /* done.json in Resources */,
				969164851AF240C9E3E35C22 /* finished.mp3 in Resources */,
				A0B3BE104710D1FB7DD9BFB9 /* giggle.mp3 in Resources */,
				577EAB65AAE1ED507BD2AC57 /* hmm-ok-1.mp3 in Resources */,
				86FB5740F3073C03A4BA2D48 /* hmm-ok-2.mp3 in Resources */,
				6C742AF2FC38BAE9B843F523 /* hmm-whatever.mp3 in Resources */,
				6A7CE116699D68EAF235897C /* hmmm.mp3 in Resources */,
				666BD5805E2B8E28E731C9C6 /* idle.json in Resources */,
				71AEFC597592C207608B97C3 /* idle.mov in Resources */,
				2B70BBEBE2E9F538A57FC8F3 /* meditating.mov in Resources */,
				615034C0B36AF2401F34687A /* ok.wav in Resources */,
				0C238F55405BC680EE61D9B5 /* okie-dokie-1.mp3 in Resources */,
				8F60249E1B4FE545EE0C8EB5 /* okie-dokie-2.mp3 in Resources */,
				E6D77F7842F7C88F48A65A38 /* spin.mov in Resources */,
				AAD96EDE18373BD2BCA7FD2E /* there-you-go.mp3 in Resources */,
				356C270FDA5DC39744B5F9E3 /* thinking.mov in Resources */,
				001D118E94232E03EA4FA78E /* whirring.mp3 in Resources */,
				B2BCCD5F854F9ED809D9A4E1 /* working.json in Resources */,
				1B732D9C97759F7CC13F423C /* working.mov in Resources */,
			);
			runOnlyForDeploymentPostprocessing = 0;
		};
/* End PBXResourcesBuildPhase section */

/* Begin PBXSourcesBuildPhase section */
		5AB6F8243C91C2D8869D90A6 /* Sources */ = {
			isa = PBXSourcesBuildPhase;
			buildActionMask = 2147483647;
			files = (
				70731C467C391A1A741FD807 /* AppDelegate.swift in Sources */,
				4CBEB684C9ACA8004BF34E27 /* CharacterView.swift in Sources */,
				A8C0897450B1330A8A8FD573 /* ClaudeCompanionApp.swift in Sources */,
				D8317EAA2F7332AE09CA607E /* ClaudeService.swift in Sources */,
				5C8C4A973F3EBBC0F9DBBDEA /* CompanionPanel.swift in Sources */,
				70127F5CD9644F13CFF427EA /* CompanionState.swift in Sources */,
				A52B36D75BFCE76410CF1D4D /* CompanionStateManager.swift in Sources */,
				C3E89DDD6D4C4E0CB714E4C0 /* DraggableHostingView.swift in Sources */,
				6E049EA8941A714927679BB9 /* HookStateMonitor.swift in Sources */,
				FFD637E5EEAF5EAD6E53B00A /* LoginItemManager.swift in Sources */,
				43986ABE0AF9CD6D85CF6748 /* MenuBarManager.swift in Sources */,
				9E9897ACE7AF3FC2B8165238 /* SoundManager.swift in Sources */,
				E12F5775E47A0709844302CE /* SpeechBubbleView.swift in Sources */,
				5CDA99BFD4DC561B017595C9 /* VideoPlayerView.swift in Sources */,
			);
			runOnlyForDeploymentPostprocessing = 0;
		};
/* End PBXSourcesBuildPhase section */

/* Begin XCBuildConfiguration section */
		1304197EB8F3CFA0E619FE49 /* Debug */ = {
			isa = XCBuildConfiguration;
			buildSettings = {
				ASSETCATALOG_COMPILER_APPICON_NAME = AppIcon;
				CODE_SIGN_ENTITLEMENTS = ClaudeCompanion/Resources/ClaudeCompanion.entitlements;
				CODE_SIGN_IDENTITY = "-";
				COMBINE_HIDPI_IMAGES = YES;
				ENABLE_HARDENED_RUNTIME = YES;
				INFOPLIST_FILE = ClaudeCompanion/Resources/Info.plist;
				LD_RUNPATH_SEARCH_PATHS = (
					"$(inherited)",
					"@executable_path/../Frameworks",
				);
				MACOSX_DEPLOYMENT_TARGET = 13.0;
				PRODUCT_BUNDLE_IDENTIFIER = com.pecknology.ClaudeCompanion;
				PRODUCT_NAME = ClaudeCompanion;
				SDKROOT = macosx;
				SWIFT_VERSION = 5.0;
			};
			name = Debug;
		};
		47AA80DBD93132D7B6E81B92 /* Release */ = {
			isa = XCBuildConfiguration;
			buildSettings = {
				ALWAYS_SEARCH_USER_PATHS = NO;
				CLANG_ANALYZER_NONNULL = YES;
				CLANG_ANALYZER_NUMBER_OBJECT_CONVERSION = YES_AGGRESSIVE;
				CLANG_CXX_LANGUAGE_STANDARD = "gnu++14";
				CLANG_CXX_LIBRARY = "libc++";
				CLANG_ENABLE_MODULES = YES;
				CLANG_ENABLE_OBJC_ARC = YES;
				CLANG_ENABLE_OBJC_WEAK = YES;
				CLANG_WARN_BLOCK_CAPTURE_AUTORELEASING = YES;
				CLANG_WARN_BOOL_CONVERSION = YES;
				CLANG_WARN_COMMA = YES;
				CLANG_WARN_CONSTANT_CONVERSION = YES;
				CLANG_WARN_DEPRECATED_OBJC_IMPLEMENTATIONS = YES;
				CLANG_WARN_DIRECT_OBJC_ISA_USAGE = YES_ERROR;
				CLANG_WARN_DOCUMENTATION_COMMENTS = YES;
				CLANG_WARN_EMPTY_BODY = YES;
				CLANG_WARN_ENUM_CONVERSION = YES;
				CLANG_WARN_INFINITE_RECURSION = YES;
				CLANG_WARN_INT_CONVERSION = YES;
				CLANG_WARN_NON_LITERAL_NULL_CONVERSION = YES;
				CLANG_WARN_OBJC_IMPLICIT_RETAIN_SELF = YES;
				CLANG_WARN_OBJC_LITERAL_CONVERSION = YES;
				CLANG_WARN_OBJC_ROOT_CLASS = YES_ERROR;
				CLANG_WARN_QUOTED_INCLUDE_IN_FRAMEWORK_HEADER = YES;
				CLANG_WARN_RANGE_LOOP_ANALYSIS = YES;
				CLANG_WARN_STRICT_PROTOTYPES = YES;
				CLANG_WARN_SUSPICIOUS_MOVE = YES;
				CLANG_WARN_UNGUARDED_AVAILABILITY = YES_AGGRESSIVE;
				CLANG_WARN_UNREACHABLE_CODE = YES;
				CLANG_WARN__DUPLICATE_METHOD_MATCH = YES;
				COPY_PHASE_STRIP = NO;
				DEBUG_INFORMATION_FORMAT = "dwarf-with-dsym";
				ENABLE_NS_ASSERTIONS = NO;
				ENABLE_STRICT_OBJC_MSGSEND = YES;
				GCC_C_LANGUAGE_STANDARD = gnu11;
				GCC_NO_COMMON_BLOCKS = YES;
				GCC_WARN_64_TO_32_BIT_CONVERSION = YES;
				GCC_WARN_ABOUT_RETURN_TYPE = YES_ERROR;
				GCC_WARN_UNDECLARED_SELECTOR = YES;
				GCC_WARN_UNINITIALIZED_AUTOS = YES_AGGRESSIVE;
				GCC_WARN_UNUSED_FUNCTION = YES;
				GCC_WARN_UNUSED_VARIABLE = YES;
				MACOSX_DEPLOYMENT_TARGET = 13.0;
				MTL_ENABLE_DEBUG_INFO = NO;
				MTL_FAST_MATH = YES;
				PRODUCT_NAME = "$(TARGET_NAME)";
				SDKROOT = macosx;
				SWIFT_COMPILATION_MODE = wholemodule;
				SWIFT_OPTIMIZATION_LEVEL = "-O";
				SWIFT_VERSION = 5.0;
			};
			name = Release;
		};
		99D3351FDCBA2E06BC0C66DB /* Release */ = {
			isa = XCBuildConfiguration;
			buildSettings = {
				ASSETCATALOG_COMPILER_APPICON_NAME = AppIcon;
				CODE_SIGN_ENTITLEMENTS = ClaudeCompanion/Resources/ClaudeCompanion.entitlements;
				CODE_SIGN_IDENTITY = "-";
				COMBINE_HIDPI_IMAGES = YES;
				ENABLE_HARDENED_RUNTIME = YES;
				INFOPLIST_FILE = ClaudeCompanion/Resources/Info.plist;
				LD_RUNPATH_SEARCH_PATHS = (
					"$(inherited)",
					"@executable_path/../Frameworks",
				);
				MACOSX_DEPLOYMENT_TARGET = 13.0;
				PRODUCT_BUNDLE_IDENTIFIER = com.pecknology.ClaudeCompanion;
				PRODUCT_NAME = ClaudeCompanion;
				SDKROOT = macosx;
				SWIFT_VERSION = 5.0;
			};
			name = Release;
		};
		ACF2FB9CB67CFE14B4C30ECC /* Debug */ = {
			isa = XCBuildConfiguration;
			buildSettings = {
				ALWAYS_SEARCH_USER_PATHS = NO;
				CLANG_ANALYZER_NONNULL = YES;
				CLANG_ANALYZER_NUMBER_OBJECT_CONVERSION = YES_AGGRESSIVE;
				CLANG_CXX_LANGUAGE_STANDARD = "gnu++14";
				CLANG_CXX_LIBRARY = "libc++";
				CLANG_ENABLE_MODULES = YES;
				CLANG_ENABLE_OBJC_ARC = YES;
				CLANG_ENABLE_OBJC_WEAK = YES;
				CLANG_WARN_BLOCK_CAPTURE_AUTORELEASING = YES;
				CLANG_WARN_BOOL_CONVERSION = YES;
				CLANG_WARN_COMMA = YES;
				CLANG_WARN_CONSTANT_CONVERSION = YES;
				CLANG_WARN_DEPRECATED_OBJC_IMPLEMENTATIONS = YES;
				CLANG_WARN_DIRECT_OBJC_ISA_USAGE = YES_ERROR;
				CLANG_WARN_DOCUMENTATION_COMMENTS = YES;
				CLANG_WARN_EMPTY_BODY = YES;
				CLANG_WARN_ENUM_CONVERSION = YES;
				CLANG_WARN_INFINITE_RECURSION = YES;
				CLANG_WARN_INT_CONVERSION = YES;
				CLANG_WARN_NON_LITERAL_NULL_CONVERSION = YES;
				CLANG_WARN_OBJC_IMPLICIT_RETAIN_SELF = YES;
				CLANG_WARN_OBJC_LITERAL_CONVERSION = YES;
				CLANG_WARN_OBJC_ROOT_CLASS = YES_ERROR;
				CLANG_WARN_QUOTED_INCLUDE_IN_FRAMEWORK_HEADER = YES;
				CLANG_WARN_RANGE_LOOP_ANALYSIS = YES;
				CLANG_WARN_STRICT_PROTOTYPES = YES;
				CLANG_WARN_SUSPICIOUS_MOVE = YES;
				CLANG_WARN_UNGUARDED_AVAILABILITY = YES_AGGRESSIVE;
				CLANG_WARN_UNREACHABLE_CODE = YES;
				CLANG_WARN__DUPLICATE_METHOD_MATCH = YES;
				COPY_PHASE_STRIP = NO;
				DEBUG_INFORMATION_FORMAT = dwarf;
				ENABLE_STRICT_OBJC_MSGSEND = YES;
				ENABLE_TESTABILITY = YES;
				GCC_C_LANGUAGE_STANDARD = gnu11;
				GCC_DYNAMIC_NO_PIC = NO;
				GCC_NO_COMMON_BLOCKS = YES;
				GCC_OPTIMIZATION_LEVEL = 0;
				GCC_PREPROCESSOR_DEFINITIONS = (
					"$(inherited)",
					"DEBUG=1",
				);
				GCC_WARN_64_TO_32_BIT_CONVERSION = YES;
				GCC_WARN_ABOUT_RETURN_TYPE = YES_ERROR;
				GCC_WARN_UNDECLARED_SELECTOR = YES;
				GCC_WARN_UNINITIALIZED_AUTOS = YES_AGGRESSIVE;
				GCC_WARN_UNUSED_FUNCTION = YES;
				GCC_WARN_UNUSED_VARIABLE = YES;
				MACOSX_DEPLOYMENT_TARGET = 13.0;
				MTL_ENABLE_DEBUG_INFO = INCLUDE_SOURCE;
				MTL_FAST_MATH = YES;
				ONLY_ACTIVE_ARCH = YES;
				PRODUCT_NAME = "$(TARGET_NAME)";
				SDKROOT = macosx;
				SWIFT_ACTIVE_COMPILATION_CONDITIONS = DEBUG;
				SWIFT_OPTIMIZATION_LEVEL = "-Onone";
				SWIFT_VERSION = 5.0;
			};
			name = Debug;
		};
/* End XCBuildConfiguration section */

/* Begin XCConfigurationList section */
		B96B4EB5531E67FEB8E9D90B /* Build configuration list for PBXProject "ClaudeCompanion" */ = {
			isa = XCConfigurationList;
			buildConfigurations = (
				ACF2FB9CB67CFE14B4C30ECC /* Debug */,
				47AA80DBD93132D7B6E81B92 /* Release */,
			);
			defaultConfigurationIsVisible = 0;
			defaultConfigurationName = Debug;
		};
		C165742061695632CC74AA61 /* Build configuration list for PBXNativeTarget "ClaudeCompanion" */ = {
			isa = XCConfigurationList;
			buildConfigurations = (
				1304197EB8F3CFA0E619FE49 /* Debug */,
				99D3351FDCBA2E06BC0C66DB /* Release */,
			);
			defaultConfigurationIsVisible = 0;
			defaultConfigurationName = Debug;
		};
/* End XCConfigurationList section */
	};
	rootObject = 693424B40BE61400A3E7DEAE /* Project object */;
}
